
Microsoft Visual Studio Solution File, Format Version 12.00
# Visual Studio Version 17
VisualStudioVersion = 17.1.32104.313
MinimumVisualStudioVersion = 10.0.40219.1
Project("{2150E333-8FDC-42A3-9474-1A3956D46DE8}") = "UnitTest", "UnitTest", "{5FD0859D-6530-4DDC-A9F6-FC5648EA44B6}"
EndProject
Project("{2150E333-8FDC-42A3-9474-1A3956D46DE8}") = "WebApp", "WebApp", "{F2BA080C-1A09-4877-9AA0-E4158CA09DBE}"
EndProject
Project("{2150E333-8FDC-42A3-9474-1A3956D46DE8}") = "Desktop", "Desktop", "{9CC67808-BB6B-49B0-9B88-23F4C8BA07A3}"
EndProject
Project("{2150E333-8FDC-42A3-9474-1A3956D46DE8}") = "Mobile", "Mobile", "{3460FC15-DD24-4AA8-BCD3-0BB4F42FD14A}"
EndProject
Project("{2150E333-8FDC-42A3-9474-1A3956D46DE8}") = "Database", "Database", "{287C1CFE-3024-4752-9C22-F0D4CEEF65DF}"
EndProject
Project("{2150E333-8FDC-42A3-9474-1A3956D46DE8}") = "WebUI", "WebUI", "{8DA14E11-DA55-4C81-8AB3-D5D78A56F459}"
EndProject
Project("{2150E333-8FDC-42A3-9474-1A3956D46DE8}") = "WebAPI", "WebAPI", "{7E69504D-C80C-4953-918E-DFE5AAD9D2E3}"
EndProject
Project("{2150E333-8FDC-42A3-9474-1A3956D46DE8}") = "00.CommonCL", "00.CommonCL", "{C32E20C0-DCB1-4019-BD6B-0003638DB9BF}"
EndProject
Project("{9A19103F-16F7-4668-BE54-9A1E7A4F7556}") = "SCscCL_Model", "SCscCL_Model\SCscCL_Model.csproj", "{76568720-5C64-405F-AD90-0A73C8244410}"
EndProject
Project("{9A19103F-16F7-4668-BE54-9A1E7A4F7556}") = "SCscCL_NUnitTest", "SCscCL_NUnitTest\SCscCL_NUnitTest.csproj", "{374C1CF3-9FA7-412B-9AD9-0BC8E121CF83}"
EndProject
Project("{9A19103F-16F7-4668-BE54-9A1E7A4F7556}") = "SCscCL_Blazor", "SCscCL_Blazor\SCscCL_Blazor.csproj", "{2FAAA240-FF17-4509-B83E-B3D644DF4037}"
EndProject
Project("{2150E333-8FDC-42A3-9474-1A3956D46DE8}") = "Job", "Job", "{5F61B02B-6E3A-4188-BCA9-25FB9A807AE4}"
EndProject
Project("{2150E333-8FDC-42A3-9474-1A3956D46DE8}") = "CSharpLanguage", "CSharpLanguage", "{855ECCB8-AEE8-49B3-B5DA-1F2A67F348B7}"
EndProject
Project("{2150E333-8FDC-42A3-9474-1A3956D46DE8}") = "Algorithm", "Algorithm", "{B70B358B-75BD-4F98-922F-84A69C03FA0B}"
EndProject
Project("{2150E333-8FDC-42A3-9474-1A3956D46DE8}") = "ConsoleApp", "ConsoleApp", "{8AC9F283-BE31-4ADA-9EB2-4CE41BF0AC0B}"
EndProject
Project("{9A19103F-16F7-4668-BE54-9A1E7A4F7556}") = "SCscCL_ConsoleApp", "SCscCL_ConsoleApp\SCscCL_ConsoleApp.csproj", "{9297D74F-88C0-4110-8C94-E0ABDD4DB691}"
EndProject
Project("{FAE04EC0-301F-11D3-BF4B-00C04F79EFBC}") = "SCscCL_XNuitTest", "SCscCL_XNuitTest\SCscCL_XNuitTest.csproj", "{1D9FB004-D1DC-45E4-8A49-E329CAAE0D79}"
EndProject
Project("{FAE04EC0-301F-11D3-BF4B-00C04F79EFBC}") = "SCscCL_MSUnitTest", "SCscCL_MSUnitTest\SCscCL_MSUnitTest.csproj", "{3510EF97-6B8F-474F-BBCC-BEDE4AE59385}"
EndProject
Project("{FAE04EC0-301F-11D3-BF4B-00C04F79EFBC}") = "SCscCL_AlgorithmNUnitTest", "SCscCL_AlgorithmNUnitTest\SCscCL_AlgorithmNUnitTest.csproj", "{B46D5685-E8AF-44FC-B994-1325225B5C84}"
EndProject
Project("{2150E333-8FDC-42A3-9474-1A3956D46DE8}") = "RPCAndGrpc", "RPCAndGrpc", "{7762A995-A200-4618-9A20-8E90D55402E7}"
EndProject
Project("{FAE04EC0-301F-11D3-BF4B-00C04F79EFBC}") = "SCscCL_GrpcService", "SCscCL_GrpcService\SCscCL_GrpcService.csproj", "{9EC0B496-FE07-4FDE-92E1-F62366125138}"
EndProject
Global
	GlobalSection(SolutionConfigurationPlatforms) = preSolution
		Debug|Any CPU = Debug|Any CPU
		Release|Any CPU = Release|Any CPU
	EndGlobalSection
	GlobalSection(ProjectConfigurationPlatforms) = postSolution
		{76568720-5C64-405F-AD90-0A73C8244410}.Debug|Any CPU.ActiveCfg = Debug|Any CPU
		{76568720-5C64-405F-AD90-0A73C8244410}.Debug|Any CPU.Build.0 = Debug|Any CPU
		{76568720-5C64-405F-AD90-0A73C8244410}.Release|Any CPU.ActiveCfg = Release|Any CPU
		{76568720-5C64-405F-AD90-0A73C8244410}.Release|Any CPU.Build.0 = Release|Any CPU
		{374C1CF3-9FA7-412B-9AD9-0BC8E121CF83}.Debug|Any CPU.ActiveCfg = Debug|Any CPU
		{374C1CF3-9FA7-412B-9AD9-0BC8E121CF83}.Debug|Any CPU.Build.0 = Debug|Any CPU
		{374C1CF3-9FA7-412B-9AD9-0BC8E121CF83}.Release|Any CPU.ActiveCfg = Release|Any CPU
		{374C1CF3-9FA7-412B-9AD9-0BC8E121CF83}.Release|Any CPU.Build.0 = Release|Any CPU
		{2FAAA240-FF17-4509-B83E-B3D644DF4037}.Debug|Any CPU.ActiveCfg = Debug|Any CPU
		{2FAAA240-FF17-4509-B83E-B3D644DF4037}.Debug|Any CPU.Build.0 = Debug|Any CPU
		{2FAAA240-FF17-4509-B83E-B3D644DF4037}.Release|Any CPU.ActiveCfg = Release|Any CPU
		{2FAAA240-FF17-4509-B83E-B3D644DF4037}.Release|Any CPU.Build.0 = Release|Any CPU
		{9297D74F-88C0-4110-8C94-E0ABDD4DB691}.Debug|Any CPU.ActiveCfg = Debug|Any CPU
		{9297D74F-88C0-4110-8C94-E0ABDD4DB691}.Debug|Any CPU.Build.0 = Debug|Any CPU
		{9297D74F-88C0-4110-8C94-E0ABDD4DB691}.Release|Any CPU.ActiveCfg = Release|Any CPU
		{9297D74F-88C0-4110-8C94-E0ABDD4DB691}.Release|Any CPU.Build.0 = Release|Any CPU
		{1D9FB004-D1DC-45E4-8A49-E329CAAE0D79}.Debug|Any CPU.ActiveCfg = Debug|Any CPU
		{1D9FB004-D1DC-45E4-8A49-E329CAAE0D79}.Debug|Any CPU.Build.0 = Debug|Any CPU
		{1D9FB004-D1DC-45E4-8A49-E329CAAE0D79}.Release|Any CPU.ActiveCfg = Release|Any CPU
		{1D9FB004-D1DC-45E4-8A49-E329CAAE0D79}.Release|Any CPU.Build.0 = Release|Any CPU
		{3510EF97-6B8F-474F-BBCC-BEDE4AE59385}.Debug|Any CPU.ActiveCfg = Debug|Any CPU
		{3510EF97-6B8F-474F-BBCC-BEDE4AE59385}.Debug|Any CPU.Build.0 = Debug|Any CPU
		{3510EF97-6B8F-474F-BBCC-BEDE4AE59385}.Release|Any CPU.ActiveCfg = Release|Any CPU
		{3510EF97-6B8F-474F-BBCC-BEDE4AE59385}.Release|Any CPU.Build.0 = Release|Any CPU
		{B46D5685-E8AF-44FC-B994-1325225B5C84}.Debug|Any CPU.ActiveCfg = Debug|Any CPU
		{B46D5685-E8AF-44FC-B994-1325225B5C84}.Debug|Any CPU.Build.0 = Debug|Any CPU
		{B46D5685-E8AF-44FC-B994-1325225B5C84}.Release|Any CPU.ActiveCfg = Release|Any CPU
		{B46D5685-E8AF-44FC-B994-1325225B5C84}.Release|Any CPU.Build.0 = Release|Any CPU
		{9EC0B496-FE07-4FDE-92E1-F62366125138}.Debug|Any CPU.ActiveCfg = Debug|Any CPU
		{9EC0B496-FE07-4FDE-92E1-F62366125138}.Debug|Any CPU.Build.0 = Debug|Any CPU
		{9EC0B496-FE07-4FDE-92E1-F62366125138}.Release|Any CPU.ActiveCfg = Release|Any CPU
		{9EC0B496-FE07-4FDE-92E1-F62366125138}.Release|Any CPU.Build.0 = Release|Any CPU
	EndGlobalSection
	GlobalSection(SolutionProperties) = preSolution
		HideSolutionNode = FALSE
	EndGlobalSection
	GlobalSection(NestedProjects) = preSolution
		{76568720-5C64-405F-AD90-0A73C8244410} = {C32E20C0-DCB1-4019-BD6B-0003638DB9BF}
		{374C1CF3-9FA7-412B-9AD9-0BC8E121CF83} = {5FD0859D-6530-4DDC-A9F6-FC5648EA44B6}
		{2FAAA240-FF17-4509-B83E-B3D644DF4037} = {F2BA080C-1A09-4877-9AA0-E4158CA09DBE}
		{9297D74F-88C0-4110-8C94-E0ABDD4DB691} = {8AC9F283-BE31-4ADA-9EB2-4CE41BF0AC0B}
		{1D9FB004-D1DC-45E4-8A49-E329CAAE0D79} = {5FD0859D-6530-4DDC-A9F6-FC5648EA44B6}
		{3510EF97-6B8F-474F-BBCC-BEDE4AE59385} = {5FD0859D-6530-4DDC-A9F6-FC5648EA44B6}
		{B46D5685-E8AF-44FC-B994-1325225B5C84} = {B70B358B-75BD-4F98-922F-84A69C03FA0B}
		{9EC0B496-FE07-4FDE-92E1-F62366125138} = {7762A995-A200-4618-9A20-8E90D55402E7}
	EndGlobalSection
	GlobalSection(ExtensibilityGlobals) = postSolution
		SolutionGuid = {D24CCF61-398E-4E4E-9229-F1A2D24B1AB2}
	EndGlobalSection
EndGlobal
